
Microsoft Visual Studio Solution File, Format Version 12.00
# Visual Studio Version 17
VisualStudioVersion = 17.10.35122.118
MinimumVisualStudioVersion = 10.0.40219.1
Project("{2150E333-8FDC-42A3-9474-1A3956D46DE8}") = "CRM", "CRM", "{1A630BC3-6047-4DD3-9743-F66AF8296B6B}"
EndProject
Project("{2150E333-8FDC-42A3-9474-1A3956D46DE8}") = "CRM.Client", "CRM.Client", "{63E5003A-5390-4CF3-92FD-16700B65262F}"
EndProject
Project("{54A90642-561A-4BB1-A94E-469ADEE60C69}") = "crm.frontend", "CRM.Client\CRM.Frontend\crm.frontend.esproj", "{10F444DE-17A4-48DC-BD77-0B8DFD3340FE}"
EndProject
Project("{FAE04EC0-301F-11D3-BF4B-00C04F79EFBC}") = "CRM.EndPoint.WebApi", "CRM\CRM.EndPoint.WebApi\CRM.EndPoint.WebApi.csproj", "{F59D51E9-0DA7-4E31-A841-430A41D5137D}"
EndProject
Global
	GlobalSection(SolutionConfigurationPlatforms) = preSolution
		Debug|Any CPU = Debug|Any CPU
		Release|Any CPU = Release|Any CPU
	EndGlobalSection
	GlobalSection(ProjectConfigurationPlatforms) = postSolution
		{10F444DE-17A4-48DC-BD77-0B8DFD3340FE}.Debug|Any CPU.ActiveCfg = Debug|Any CPU
		{10F444DE-17A4-48DC-BD77-0B8DFD3340FE}.Debug|Any CPU.Build.0 = Debug|Any CPU
		{10F444DE-17A4-48DC-BD77-0B8DFD3340FE}.Debug|Any CPU.Deploy.0 = Debug|Any CPU
		{10F444DE-17A4-48DC-BD77-0B8DFD3340FE}.Release|Any CPU.ActiveCfg = Release|Any CPU
		{10F444DE-17A4-48DC-BD77-0B8DFD3340FE}.Release|Any CPU.Build.0 = Release|Any CPU
		{10F444DE-17A4-48DC-BD77-0B8DFD3340FE}.Release|Any CPU.Deploy.0 = Release|Any CPU
		{F59D51E9-0DA7-4E31-A841-430A41D5137D}.Debug|Any CPU.ActiveCfg = Debug|Any CPU
		{F59D51E9-0DA7-4E31-A841-430A41D5137D}.Debug|Any CPU.Build.0 = Debug|Any CPU
		{F59D51E9-0DA7-4E31-A841-430A41D5137D}.Release|Any CPU.ActiveCfg = Release|Any CPU
		{F59D51E9-0DA7-4E31-A841-430A41D5137D}.Release|Any CPU.Build.0 = Release|Any CPU
	EndGlobalSection
	GlobalSection(SolutionProperties) = preSolution
		HideSolutionNode = FALSE
	EndGlobalSection
	GlobalSection(NestedProjects) = preSolution
		{10F444DE-17A4-48DC-BD77-0B8DFD3340FE} = {63E5003A-5390-4CF3-92FD-16700B65262F}
		{F59D51E9-0DA7-4E31-A841-430A41D5137D} = {1A630BC3-6047-4DD3-9743-F66AF8296B6B}
	EndGlobalSection
	GlobalSection(ExtensibilityGlobals) = postSolution
		SolutionGuid = {FF220575-A336-476A-907A-6390DE9786B6}
	EndGlobalSection
EndGlobal
