
Microsoft Visual Studio Solution File, Format Version 12.00
# Visual Studio Version 17
VisualStudioVersion = 17.10.35122.118
MinimumVisualStudioVersion = 10.0.40219.1
Project("{2150E333-8FDC-42A3-9474-1A3956D46DE8}") = "1.Domain", "1.Domain", "{8E3A0B34-2029-49A7-AFA5-70D90CADF7AB}"
EndProject
Project("{2150E333-8FDC-42A3-9474-1A3956D46DE8}") = "2.Application", "2.Application", "{0587ED71-3696-4BA5-A387-1E200E33A33B}"
EndProject
Project("{2150E333-8FDC-42A3-9474-1A3956D46DE8}") = "3.Infrastructure", "3.Infrastructure", "{F9D40805-C222-42F8-B6CD-05E38F7FF957}"
EndProject
Project("{2150E333-8FDC-42A3-9474-1A3956D46DE8}") = "4.EndPoints", "4.EndPoints", "{2E03D690-3F5C-4E17-BD05-0C577E0B1974}"
EndProject
Project("{FAE04EC0-301F-11D3-BF4B-00C04F79EFBC}") = "React.DomainLibrary", "1.Domain\React.DomainLibrary\React.DomainLibrary.csproj", "{340A6B54-7CA8-44E7-ACEB-C98AE9243096}"
EndProject
Project("{FAE04EC0-301F-11D3-BF4B-00C04F79EFBC}") = "React.ApplicationLibrary", "2.Application\React.ApplicationLibrary\React.ApplicationLibrary.csproj", "{ABD76D17-EB06-400F-BE0D-ABE00FB6DBBF}"
EndProject
Project("{FAE04EC0-301F-11D3-BF4B-00C04F79EFBC}") = "React.InfrastructureLibrary", "3.Infrastructure\React.InfrastructureLibrary\React.InfrastructureLibrary.csproj", "{83EA674D-E64B-497D-B79C-DE4DE579D21F}"
EndProject
Project("{FAE04EC0-301F-11D3-BF4B-00C04F79EFBC}") = "React.EndPoint.WebApi", "4.EndPoints\React.EndPoint.WebApi\React.EndPoint.WebApi.csproj", "{43453BDB-6821-4B3B-B89A-9A92097A70C0}"
EndProject
Project("{FAE04EC0-301F-11D3-BF4B-00C04F79EFBC}") = "React.EndPoint.WebApp", "4.EndPoints\React.EndPoint.WebApp\React.EndPoint.WebApp.csproj", "{20346F83-2414-4BBF-9F3F-DC71788F71CD}"
EndProject
Global
	GlobalSection(SolutionConfigurationPlatforms) = preSolution
		Debug|Any CPU = Debug|Any CPU
		Release|Any CPU = Release|Any CPU
	EndGlobalSection
	GlobalSection(ProjectConfigurationPlatforms) = postSolution
		{340A6B54-7CA8-44E7-ACEB-C98AE9243096}.Debug|Any CPU.ActiveCfg = Debug|Any CPU
		{340A6B54-7CA8-44E7-ACEB-C98AE9243096}.Debug|Any CPU.Build.0 = Debug|Any CPU
		{340A6B54-7CA8-44E7-ACEB-C98AE9243096}.Release|Any CPU.ActiveCfg = Release|Any CPU
		{340A6B54-7CA8-44E7-ACEB-C98AE9243096}.Release|Any CPU.Build.0 = Release|Any CPU
		{ABD76D17-EB06-400F-BE0D-ABE00FB6DBBF}.Debug|Any CPU.ActiveCfg = Debug|Any CPU
		{ABD76D17-EB06-400F-BE0D-ABE00FB6DBBF}.Debug|Any CPU.Build.0 = Debug|Any CPU
		{ABD76D17-EB06-400F-BE0D-ABE00FB6DBBF}.Release|Any CPU.ActiveCfg = Release|Any CPU
		{ABD76D17-EB06-400F-BE0D-ABE00FB6DBBF}.Release|Any CPU.Build.0 = Release|Any CPU
		{83EA674D-E64B-497D-B79C-DE4DE579D21F}.Debug|Any CPU.ActiveCfg = Debug|Any CPU
		{83EA674D-E64B-497D-B79C-DE4DE579D21F}.Debug|Any CPU.Build.0 = Debug|Any CPU
		{83EA674D-E64B-497D-B79C-DE4DE579D21F}.Release|Any CPU.ActiveCfg = Release|Any CPU
		{83EA674D-E64B-497D-B79C-DE4DE579D21F}.Release|Any CPU.Build.0 = Release|Any CPU
		{43453BDB-6821-4B3B-B89A-9A92097A70C0}.Debug|Any CPU.ActiveCfg = Debug|Any CPU
		{43453BDB-6821-4B3B-B89A-9A92097A70C0}.Debug|Any CPU.Build.0 = Debug|Any CPU
		{43453BDB-6821-4B3B-B89A-9A92097A70C0}.Release|Any CPU.ActiveCfg = Release|Any CPU
		{43453BDB-6821-4B3B-B89A-9A92097A70C0}.Release|Any CPU.Build.0 = Release|Any CPU
		{20346F83-2414-4BBF-9F3F-DC71788F71CD}.Debug|Any CPU.ActiveCfg = Debug|Any CPU
		{20346F83-2414-4BBF-9F3F-DC71788F71CD}.Debug|Any CPU.Build.0 = Debug|Any CPU
		{20346F83-2414-4BBF-9F3F-DC71788F71CD}.Release|Any CPU.ActiveCfg = Release|Any CPU
		{20346F83-2414-4BBF-9F3F-DC71788F71CD}.Release|Any CPU.Build.0 = Release|Any CPU
	EndGlobalSection
	GlobalSection(SolutionProperties) = preSolution
		HideSolutionNode = FALSE
	EndGlobalSection
	GlobalSection(NestedProjects) = preSolution
		{340A6B54-7CA8-44E7-ACEB-C98AE9243096} = {8E3A0B34-2029-49A7-AFA5-70D90CADF7AB}
		{ABD76D17-EB06-400F-BE0D-ABE00FB6DBBF} = {0587ED71-3696-4BA5-A387-1E200E33A33B}
		{83EA674D-E64B-497D-B79C-DE4DE579D21F} = {F9D40805-C222-42F8-B6CD-05E38F7FF957}
		{43453BDB-6821-4B3B-B89A-9A92097A70C0} = {2E03D690-3F5C-4E17-BD05-0C577E0B1974}
		{20346F83-2414-4BBF-9F3F-DC71788F71CD} = {2E03D690-3F5C-4E17-BD05-0C577E0B1974}
	EndGlobalSection
	GlobalSection(ExtensibilityGlobals) = postSolution
		SolutionGuid = {FF220575-A336-476A-907A-6390DE9786B6}
	EndGlobalSection
EndGlobal
